
Microsoft Visual Studio Solution File, Format Version 12.00
# Visual Studio 15
VisualStudioVersion = 15.0.26730.12
MinimumVisualStudioVersion = 10.0.40219.1
Project("{FAE04EC0-301F-11D3-BF4B-00C04F79EFBC}") = "Robo.OperacaoesComprovei", "Robo.Notas.Solutions.Windows\Robo.OperacaoesComprovei.csproj", "{1274E362-E5C1-47E8-9F09-AD1E2ED149F1}"
EndProject
Project("{FAE04EC0-301F-11D3-BF4B-00C04F79EFBC}") = "Sistran.Library", "..\Sistran\Sistram.Library\Sistram.Library\Sistran.Library.csproj", "{D6640122-F36D-4434-B722-7DF88F8A3ABE}"
EndProject
Project("{FAE04EC0-301F-11D3-BF4B-00C04F79EFBC}") = "EnvioDeRota", "EnvioDeRota\EnvioDeRota.csproj", "{D2EBE9D1-A5AF-44BB-A7FB-58B35F314D35}"
EndProject
Project("{FAE04EC0-301F-11D3-BF4B-00C04F79EFBC}") = "Robo.Email.Solutions.Win", "Robo.Email.Notas.Solutions.Windows\Robo.Email.Solutions.Win.csproj", "{38B43FC1-4BD1-474D-AC16-C730AE73D384}"
EndProject
Project("{FAE04EC0-301F-11D3-BF4B-00C04F79EFBC}") = "Emergencia", "Emergencia\Emergencia.csproj", "{F30CB382-CB78-4D23-A552-01A0E3E92C57}"
EndProject
Project("{FAE04EC0-301F-11D3-BF4B-00C04F79EFBC}") = "ValidaChave", "..\ValidaChave\ValidaChave.csproj", "{4A539DCE-2258-4F79-A8DE-321D4AF4D0B1}"
EndProject
Project("{FAE04EC0-301F-11D3-BF4B-00C04F79EFBC}") = "TestaWs", "TestaWs\TestaWs.csproj", "{7E742E5F-DA7B-4C66-8F9E-E63C6AF8841D}"
EndProject
Global
	GlobalSection(SolutionConfigurationPlatforms) = preSolution
		Debug|Any CPU = Debug|Any CPU
		Debug|Mixed Platforms = Debug|Mixed Platforms
		Debug|x86 = Debug|x86
		Release|Any CPU = Release|Any CPU
		Release|Mixed Platforms = Release|Mixed Platforms
		Release|x86 = Release|x86
	EndGlobalSection
	GlobalSection(ProjectConfigurationPlatforms) = postSolution
		{1274E362-E5C1-47E8-9F09-AD1E2ED149F1}.Debug|Any CPU.ActiveCfg = Debug|Any CPU
		{1274E362-E5C1-47E8-9F09-AD1E2ED149F1}.Debug|Any CPU.Build.0 = Debug|Any CPU
		{1274E362-E5C1-47E8-9F09-AD1E2ED149F1}.Debug|Mixed Platforms.ActiveCfg = Debug|Any CPU
		{1274E362-E5C1-47E8-9F09-AD1E2ED149F1}.Debug|Mixed Platforms.Build.0 = Debug|Any CPU
		{1274E362-E5C1-47E8-9F09-AD1E2ED149F1}.Debug|x86.ActiveCfg = Debug|Any CPU
		{1274E362-E5C1-47E8-9F09-AD1E2ED149F1}.Release|Any CPU.ActiveCfg = Release|Any CPU
		{1274E362-E5C1-47E8-9F09-AD1E2ED149F1}.Release|Any CPU.Build.0 = Release|Any CPU
		{1274E362-E5C1-47E8-9F09-AD1E2ED149F1}.Release|Mixed Platforms.ActiveCfg = Release|Any CPU
		{1274E362-E5C1-47E8-9F09-AD1E2ED149F1}.Release|Mixed Platforms.Build.0 = Release|Any CPU
		{1274E362-E5C1-47E8-9F09-AD1E2ED149F1}.Release|x86.ActiveCfg = Release|Any CPU
		{D6640122-F36D-4434-B722-7DF88F8A3ABE}.Debug|Any CPU.ActiveCfg = Debug|Any CPU
		{D6640122-F36D-4434-B722-7DF88F8A3ABE}.Debug|Any CPU.Build.0 = Debug|Any CPU
		{D6640122-F36D-4434-B722-7DF88F8A3ABE}.Debug|Mixed Platforms.ActiveCfg = Debug|Any CPU
		{D6640122-F36D-4434-B722-7DF88F8A3ABE}.Debug|Mixed Platforms.Build.0 = Debug|Any CPU
		{D6640122-F36D-4434-B722-7DF88F8A3ABE}.Debug|x86.ActiveCfg = Debug|Any CPU
		{D6640122-F36D-4434-B722-7DF88F8A3ABE}.Release|Any CPU.ActiveCfg = Release|Any CPU
		{D6640122-F36D-4434-B722-7DF88F8A3ABE}.Release|Any CPU.Build.0 = Release|Any CPU
		{D6640122-F36D-4434-B722-7DF88F8A3ABE}.Release|Mixed Platforms.ActiveCfg = Release|Any CPU
		{D6640122-F36D-4434-B722-7DF88F8A3ABE}.Release|Mixed Platforms.Build.0 = Release|Any CPU
		{D6640122-F36D-4434-B722-7DF88F8A3ABE}.Release|x86.ActiveCfg = Release|Any CPU
		{D2EBE9D1-A5AF-44BB-A7FB-58B35F314D35}.Debug|Any CPU.ActiveCfg = Debug|x86
		{D2EBE9D1-A5AF-44BB-A7FB-58B35F314D35}.Debug|Mixed Platforms.ActiveCfg = Debug|x86
		{D2EBE9D1-A5AF-44BB-A7FB-58B35F314D35}.Debug|Mixed Platforms.Build.0 = Debug|x86
		{D2EBE9D1-A5AF-44BB-A7FB-58B35F314D35}.Debug|x86.ActiveCfg = Debug|x86
		{D2EBE9D1-A5AF-44BB-A7FB-58B35F314D35}.Debug|x86.Build.0 = Debug|x86
		{D2EBE9D1-A5AF-44BB-A7FB-58B35F314D35}.Release|Any CPU.ActiveCfg = Release|x86
		{D2EBE9D1-A5AF-44BB-A7FB-58B35F314D35}.Release|Mixed Platforms.ActiveCfg = Release|x86
		{D2EBE9D1-A5AF-44BB-A7FB-58B35F314D35}.Release|Mixed Platforms.Build.0 = Release|x86
		{D2EBE9D1-A5AF-44BB-A7FB-58B35F314D35}.Release|x86.ActiveCfg = Release|x86
		{D2EBE9D1-A5AF-44BB-A7FB-58B35F314D35}.Release|x86.Build.0 = Release|x86
		{38B43FC1-4BD1-474D-AC16-C730AE73D384}.Debug|Any CPU.ActiveCfg = Debug|Any CPU
		{38B43FC1-4BD1-474D-AC16-C730AE73D384}.Debug|Any CPU.Build.0 = Debug|Any CPU
		{38B43FC1-4BD1-474D-AC16-C730AE73D384}.Debug|Mixed Platforms.ActiveCfg = Debug|Any CPU
		{38B43FC1-4BD1-474D-AC16-C730AE73D384}.Debug|Mixed Platforms.Build.0 = Debug|Any CPU
		{38B43FC1-4BD1-474D-AC16-C730AE73D384}.Debug|x86.ActiveCfg = Debug|Any CPU
		{38B43FC1-4BD1-474D-AC16-C730AE73D384}.Release|Any CPU.ActiveCfg = Release|Any CPU
		{38B43FC1-4BD1-474D-AC16-C730AE73D384}.Release|Any CPU.Build.0 = Release|Any CPU
		{38B43FC1-4BD1-474D-AC16-C730AE73D384}.Release|Mixed Platforms.ActiveCfg = Release|Any CPU
		{38B43FC1-4BD1-474D-AC16-C730AE73D384}.Release|Mixed Platforms.Build.0 = Release|Any CPU
		{38B43FC1-4BD1-474D-AC16-C730AE73D384}.Release|x86.ActiveCfg = Release|Any CPU
		{F30CB382-CB78-4D23-A552-01A0E3E92C57}.Debug|Any CPU.ActiveCfg = Debug|Any CPU
		{F30CB382-CB78-4D23-A552-01A0E3E92C57}.Debug|Any CPU.Build.0 = Debug|Any CPU
		{F30CB382-CB78-4D23-A552-01A0E3E92C57}.Debug|Mixed Platforms.ActiveCfg = Debug|Any CPU
		{F30CB382-CB78-4D23-A552-01A0E3E92C57}.Debug|Mixed Platforms.Build.0 = Debug|Any CPU
		{F30CB382-CB78-4D23-A552-01A0E3E92C57}.Debug|x86.ActiveCfg = Debug|Any CPU
		{F30CB382-CB78-4D23-A552-01A0E3E92C57}.Debug|x86.Build.0 = Debug|Any CPU
		{F30CB382-CB78-4D23-A552-01A0E3E92C57}.Release|Any CPU.ActiveCfg = Release|Any CPU
		{F30CB382-CB78-4D23-A552-01A0E3E92C57}.Release|Any CPU.Build.0 = Release|Any CPU
		{F30CB382-CB78-4D23-A552-01A0E3E92C57}.Release|Mixed Platforms.ActiveCfg = Release|Any CPU
		{F30CB382-CB78-4D23-A552-01A0E3E92C57}.Release|Mixed Platforms.Build.0 = Release|Any CPU
		{F30CB382-CB78-4D23-A552-01A0E3E92C57}.Release|x86.ActiveCfg = Release|Any CPU
		{F30CB382-CB78-4D23-A552-01A0E3E92C57}.Release|x86.Build.0 = Release|Any CPU
		{4A539DCE-2258-4F79-A8DE-321D4AF4D0B1}.Debug|Any CPU.ActiveCfg = Debug|Any CPU
		{4A539DCE-2258-4F79-A8DE-321D4AF4D0B1}.Debug|Any CPU.Build.0 = Debug|Any CPU
		{4A539DCE-2258-4F79-A8DE-321D4AF4D0B1}.Debug|Mixed Platforms.ActiveCfg = Debug|Any CPU
		{4A539DCE-2258-4F79-A8DE-321D4AF4D0B1}.Debug|Mixed Platforms.Build.0 = Debug|Any CPU
		{4A539DCE-2258-4F79-A8DE-321D4AF4D0B1}.Debug|x86.ActiveCfg = Debug|Any CPU
		{4A539DCE-2258-4F79-A8DE-321D4AF4D0B1}.Debug|x86.Build.0 = Debug|Any CPU
		{4A539DCE-2258-4F79-A8DE-321D4AF4D0B1}.Release|Any CPU.ActiveCfg = Release|Any CPU
		{4A539DCE-2258-4F79-A8DE-321D4AF4D0B1}.Release|Any CPU.Build.0 = Release|Any CPU
		{4A539DCE-2258-4F79-A8DE-321D4AF4D0B1}.Release|Mixed Platforms.ActiveCfg = Release|Any CPU
		{4A539DCE-2258-4F79-A8DE-321D4AF4D0B1}.Release|Mixed Platforms.Build.0 = Release|Any CPU
		{4A539DCE-2258-4F79-A8DE-321D4AF4D0B1}.Release|x86.ActiveCfg = Release|Any CPU
		{4A539DCE-2258-4F79-A8DE-321D4AF4D0B1}.Release|x86.Build.0 = Release|Any CPU
		{7E742E5F-DA7B-4C66-8F9E-E63C6AF8841D}.Debug|Any CPU.ActiveCfg = Debug|Any CPU
		{7E742E5F-DA7B-4C66-8F9E-E63C6AF8841D}.Debug|Any CPU.Build.0 = Debug|Any CPU
		{7E742E5F-DA7B-4C66-8F9E-E63C6AF8841D}.Debug|Mixed Platforms.ActiveCfg = Debug|Any CPU
		{7E742E5F-DA7B-4C66-8F9E-E63C6AF8841D}.Debug|Mixed Platforms.Build.0 = Debug|Any CPU
		{7E742E5F-DA7B-4C66-8F9E-E63C6AF8841D}.Debug|x86.ActiveCfg = Debug|Any CPU
		{7E742E5F-DA7B-4C66-8F9E-E63C6AF8841D}.Debug|x86.Build.0 = Debug|Any CPU
		{7E742E5F-DA7B-4C66-8F9E-E63C6AF8841D}.Release|Any CPU.ActiveCfg = Release|Any CPU
		{7E742E5F-DA7B-4C66-8F9E-E63C6AF8841D}.Release|Any CPU.Build.0 = Release|Any CPU
		{7E742E5F-DA7B-4C66-8F9E-E63C6AF8841D}.Release|Mixed Platforms.ActiveCfg = Release|Any CPU
		{7E742E5F-DA7B-4C66-8F9E-E63C6AF8841D}.Release|Mixed Platforms.Build.0 = Release|Any CPU
		{7E742E5F-DA7B-4C66-8F9E-E63C6AF8841D}.Release|x86.ActiveCfg = Release|Any CPU
		{7E742E5F-DA7B-4C66-8F9E-E63C6AF8841D}.Release|x86.Build.0 = Release|Any CPU
	EndGlobalSection
	GlobalSection(SolutionProperties) = preSolution
		HideSolutionNode = FALSE
	EndGlobalSection
	GlobalSection(ExtensibilityGlobals) = postSolution
		SolutionGuid = {20DDCBD6-AD1C-44D5-9936-622A4E7ADF7F}
	EndGlobalSection
EndGlobal
