
Microsoft Visual Studio Solution File, Format Version 10.00
# Visual Studio 2008
Project("{FAE04EC0-301F-11D3-BF4B-00C04F79EFBC}") = "Sistran.Login", "Sistran.Login.csproj", "{DE489C95-C7D4-4029-84FF-C6408B73093A}"
EndProject
Global
	GlobalSection(SolutionConfigurationPlatforms) = preSolution
		Debug|Any CPU = Debug|Any CPU
		Release|Any CPU = Release|Any CPU
	EndGlobalSection
	GlobalSection(ProjectConfigurationPlatforms) = postSolution
		{DE489C95-C7D4-4029-84FF-C6408B73093A}.Debug|Any CPU.ActiveCfg = Debug|Any CPU
		{DE489C95-C7D4-4029-84FF-C6408B73093A}.Debug|Any CPU.Build.0 = Debug|Any CPU
		{DE489C95-C7D4-4029-84FF-C6408B73093A}.Release|Any CPU.ActiveCfg = Release|Any CPU
		{DE489C95-C7D4-4029-84FF-C6408B73093A}.Release|Any CPU.Build.0 = Release|Any CPU
	EndGlobalSection
	GlobalSection(SolutionProperties) = preSolution
		HideSolutionNode = FALSE
	EndGlobalSection
EndGlobal
