
Microsoft Visual Studio Solution File, Format Version 12.00
# Visual Studio 15
VisualStudioVersion = 15.0.26730.12
MinimumVisualStudioVersion = 10.0.40219.1
Project("{FAE04EC0-301F-11D3-BF4B-00C04F79EFBC}") = "Sistecno.UI.Web", "Sistecno.UI.Web.csproj", "{6FE4BE1C-83A1-4D83-8DC1-F6891FD44602}"
EndProject
Project("{FAE04EC0-301F-11D3-BF4B-00C04F79EFBC}") = "Sistecno.BLL", "..\Sistecno.BLL\Sistecno.BLL.csproj", "{3AF4B738-A930-4B23-95C7-CD5F79177338}"
EndProject
Project("{FAE04EC0-301F-11D3-BF4B-00C04F79EFBC}") = "Sistecno.DAL", "..\Sistecno.DAL\Sistecno.DAL\Sistecno.DAL.csproj", "{B646E6C6-03F3-4CCF-9F18-8FCED93697E7}"
EndProject
Global
	GlobalSection(SolutionConfigurationPlatforms) = preSolution
		Debug|Any CPU = Debug|Any CPU
		Release|Any CPU = Release|Any CPU
	EndGlobalSection
	GlobalSection(ProjectConfigurationPlatforms) = postSolution
		{6FE4BE1C-83A1-4D83-8DC1-F6891FD44602}.Debug|Any CPU.ActiveCfg = Debug|Any CPU
		{6FE4BE1C-83A1-4D83-8DC1-F6891FD44602}.Debug|Any CPU.Build.0 = Debug|Any CPU
		{6FE4BE1C-83A1-4D83-8DC1-F6891FD44602}.Release|Any CPU.ActiveCfg = Release|Any CPU
		{6FE4BE1C-83A1-4D83-8DC1-F6891FD44602}.Release|Any CPU.Build.0 = Release|Any CPU
		{3AF4B738-A930-4B23-95C7-CD5F79177338}.Debug|Any CPU.ActiveCfg = Debug|Any CPU
		{3AF4B738-A930-4B23-95C7-CD5F79177338}.Debug|Any CPU.Build.0 = Debug|Any CPU
		{3AF4B738-A930-4B23-95C7-CD5F79177338}.Release|Any CPU.ActiveCfg = Release|Any CPU
		{3AF4B738-A930-4B23-95C7-CD5F79177338}.Release|Any CPU.Build.0 = Release|Any CPU
		{B646E6C6-03F3-4CCF-9F18-8FCED93697E7}.Debug|Any CPU.ActiveCfg = Debug|Any CPU
		{B646E6C6-03F3-4CCF-9F18-8FCED93697E7}.Debug|Any CPU.Build.0 = Debug|Any CPU
		{B646E6C6-03F3-4CCF-9F18-8FCED93697E7}.Release|Any CPU.ActiveCfg = Release|Any CPU
		{B646E6C6-03F3-4CCF-9F18-8FCED93697E7}.Release|Any CPU.Build.0 = Release|Any CPU
	EndGlobalSection
	GlobalSection(SolutionProperties) = preSolution
		HideSolutionNode = FALSE
	EndGlobalSection
	GlobalSection(ExtensibilityGlobals) = postSolution
		SolutionGuid = {06E2BFB0-2C0A-4669-B996-8D61487E582F}
	EndGlobalSection
EndGlobal
