
Microsoft Visual Studio Solution File, Format Version 11.00
# Visual Studio 2010
Project("{FAE04EC0-301F-11D3-BF4B-00C04F79EFBC}") = "Sistran.Library", "..\Sistram.Library\Sistram.Library\Sistran.Library.csproj", "{D6640122-F36D-4434-B722-7DF88F8A3ABE}"
EndProject
Project("{FAE04EC0-301F-11D3-BF4B-00C04F79EFBC}") = "Boleto", "..\Boleto\Boleto.csproj", "{9E849846-8970-4198-A402-15EAAECEFFB1}"
EndProject
Project("{E24C65DC-7377-472B-9ABA-BC803B73C61A}") = "Sistram.Web.Site", "..\Sistram.Web.Site\", "{4FD57FD8-A466-46CC-80D8-61DBC55BF8FB}"
	ProjectSection(WebsiteProperties) = preProject
		TargetFrameworkMoniker = ".NETFramework,Version%3Dv3.5"
		ProjectReferences = "{D6640122-F36D-4434-B722-7DF88F8A3ABE}|Sistran.Library.dll;"
		Debug.AspNetCompiler.VirtualPath = "/Sistram.Web.Site"
		Debug.AspNetCompiler.PhysicalPath = "..\Sistram.Web.Site\"
		Debug.AspNetCompiler.TargetPath = "PrecompiledWeb\Sistram.Web.Site\"
		Debug.AspNetCompiler.Updateable = "true"
		Debug.AspNetCompiler.ForceOverwrite = "true"
		Debug.AspNetCompiler.FixedNames = "false"
		Debug.AspNetCompiler.Debug = "True"
		Release.AspNetCompiler.VirtualPath = "/Sistram.Web.Site"
		Release.AspNetCompiler.PhysicalPath = "..\Sistram.Web.Site\"
		Release.AspNetCompiler.TargetPath = "PrecompiledWeb\Sistram.Web.Site\"
		Release.AspNetCompiler.Updateable = "true"
		Release.AspNetCompiler.ForceOverwrite = "true"
		Release.AspNetCompiler.FixedNames = "false"
		Release.AspNetCompiler.Debug = "False"
		VWDPort = "8889"
		VWDDynamicPort = "false"
	EndProjectSection
EndProject
Project("{FAE04EC0-301F-11D3-BF4B-00C04F79EFBC}") = "Sistram.Web.Captacao", "..\Sistram.Web.Captacao\Sistram.Web.Captacao.csproj", "{82F25925-0CEB-4D2E-A3A5-62EE54DAD68A}"
EndProject
Project("{E24C65DC-7377-472B-9ABA-BC803B73C61A}") = "Sistram.Web.Relatorios", "..\Sistram.Web.Relatorios\", "{F7827C11-1ED3-42CF-8B3A-18DC526C34C6}"
	ProjectSection(WebsiteProperties) = preProject
		TargetFrameworkMoniker = ".NETFramework,Version%3Dv3.5"
		Debug.AspNetCompiler.VirtualPath = "/Sistram.Web.Relatorios"
		Debug.AspNetCompiler.PhysicalPath = "..\Sistram.Web.Relatorios\"
		Debug.AspNetCompiler.TargetPath = "PrecompiledWeb\Sistram.Web.Relatorios\"
		Debug.AspNetCompiler.Updateable = "true"
		Debug.AspNetCompiler.ForceOverwrite = "true"
		Debug.AspNetCompiler.FixedNames = "false"
		Debug.AspNetCompiler.Debug = "True"
		Release.AspNetCompiler.VirtualPath = "/Sistram.Web.Relatorios"
		Release.AspNetCompiler.PhysicalPath = "..\Sistram.Web.Relatorios\"
		Release.AspNetCompiler.TargetPath = "PrecompiledWeb\Sistram.Web.Relatorios\"
		Release.AspNetCompiler.Updateable = "true"
		Release.AspNetCompiler.ForceOverwrite = "true"
		Release.AspNetCompiler.FixedNames = "false"
		Release.AspNetCompiler.Debug = "False"
		VWDPort = "8457"
	EndProjectSection
EndProject
Global
	GlobalSection(SolutionConfigurationPlatforms) = preSolution
		Debug|.NET = Debug|.NET
		Debug|Any CPU = Debug|Any CPU
		Debug|Mixed Platforms = Debug|Mixed Platforms
		Release|.NET = Release|.NET
		Release|Any CPU = Release|Any CPU
		Release|Mixed Platforms = Release|Mixed Platforms
	EndGlobalSection
	GlobalSection(ProjectConfigurationPlatforms) = postSolution
		{D6640122-F36D-4434-B722-7DF88F8A3ABE}.Debug|.NET.ActiveCfg = Debug|Any CPU
		{D6640122-F36D-4434-B722-7DF88F8A3ABE}.Debug|Any CPU.ActiveCfg = Debug|Any CPU
		{D6640122-F36D-4434-B722-7DF88F8A3ABE}.Debug|Any CPU.Build.0 = Debug|Any CPU
		{D6640122-F36D-4434-B722-7DF88F8A3ABE}.Debug|Mixed Platforms.ActiveCfg = Debug|Any CPU
		{D6640122-F36D-4434-B722-7DF88F8A3ABE}.Debug|Mixed Platforms.Build.0 = Debug|Any CPU
		{D6640122-F36D-4434-B722-7DF88F8A3ABE}.Release|.NET.ActiveCfg = Release|Any CPU
		{D6640122-F36D-4434-B722-7DF88F8A3ABE}.Release|Any CPU.ActiveCfg = Release|Any CPU
		{D6640122-F36D-4434-B722-7DF88F8A3ABE}.Release|Any CPU.Build.0 = Release|Any CPU
		{D6640122-F36D-4434-B722-7DF88F8A3ABE}.Release|Mixed Platforms.ActiveCfg = Release|Any CPU
		{D6640122-F36D-4434-B722-7DF88F8A3ABE}.Release|Mixed Platforms.Build.0 = Release|Any CPU
		{9E849846-8970-4198-A402-15EAAECEFFB1}.Debug|.NET.ActiveCfg = Debug|Any CPU
		{9E849846-8970-4198-A402-15EAAECEFFB1}.Debug|Any CPU.ActiveCfg = Debug|Any CPU
		{9E849846-8970-4198-A402-15EAAECEFFB1}.Debug|Any CPU.Build.0 = Debug|Any CPU
		{9E849846-8970-4198-A402-15EAAECEFFB1}.Debug|Mixed Platforms.ActiveCfg = Debug|Any CPU
		{9E849846-8970-4198-A402-15EAAECEFFB1}.Debug|Mixed Platforms.Build.0 = Debug|Any CPU
		{9E849846-8970-4198-A402-15EAAECEFFB1}.Release|.NET.ActiveCfg = Release|Any CPU
		{9E849846-8970-4198-A402-15EAAECEFFB1}.Release|Any CPU.ActiveCfg = Release|Any CPU
		{9E849846-8970-4198-A402-15EAAECEFFB1}.Release|Any CPU.Build.0 = Release|Any CPU
		{9E849846-8970-4198-A402-15EAAECEFFB1}.Release|Mixed Platforms.ActiveCfg = Release|Any CPU
		{9E849846-8970-4198-A402-15EAAECEFFB1}.Release|Mixed Platforms.Build.0 = Release|Any CPU
		{4FD57FD8-A466-46CC-80D8-61DBC55BF8FB}.Debug|.NET.ActiveCfg = Debug|Any CPU
		{4FD57FD8-A466-46CC-80D8-61DBC55BF8FB}.Debug|Any CPU.ActiveCfg = Debug|Any CPU
		{4FD57FD8-A466-46CC-80D8-61DBC55BF8FB}.Debug|Any CPU.Build.0 = Debug|Any CPU
		{4FD57FD8-A466-46CC-80D8-61DBC55BF8FB}.Debug|Mixed Platforms.ActiveCfg = Debug|Any CPU
		{4FD57FD8-A466-46CC-80D8-61DBC55BF8FB}.Debug|Mixed Platforms.Build.0 = Debug|Any CPU
		{4FD57FD8-A466-46CC-80D8-61DBC55BF8FB}.Release|.NET.ActiveCfg = Debug|Any CPU
		{4FD57FD8-A466-46CC-80D8-61DBC55BF8FB}.Release|Any CPU.ActiveCfg = Debug|Any CPU
		{4FD57FD8-A466-46CC-80D8-61DBC55BF8FB}.Release|Any CPU.Build.0 = Debug|Any CPU
		{4FD57FD8-A466-46CC-80D8-61DBC55BF8FB}.Release|Mixed Platforms.ActiveCfg = Debug|Any CPU
		{4FD57FD8-A466-46CC-80D8-61DBC55BF8FB}.Release|Mixed Platforms.Build.0 = Debug|Any CPU
		{82F25925-0CEB-4D2E-A3A5-62EE54DAD68A}.Debug|.NET.ActiveCfg = Debug|Any CPU
		{82F25925-0CEB-4D2E-A3A5-62EE54DAD68A}.Debug|Any CPU.ActiveCfg = Debug|Any CPU
		{82F25925-0CEB-4D2E-A3A5-62EE54DAD68A}.Debug|Any CPU.Build.0 = Debug|Any CPU
		{82F25925-0CEB-4D2E-A3A5-62EE54DAD68A}.Debug|Mixed Platforms.ActiveCfg = Debug|Any CPU
		{82F25925-0CEB-4D2E-A3A5-62EE54DAD68A}.Debug|Mixed Platforms.Build.0 = Debug|Any CPU
		{82F25925-0CEB-4D2E-A3A5-62EE54DAD68A}.Release|.NET.ActiveCfg = Release|Any CPU
		{82F25925-0CEB-4D2E-A3A5-62EE54DAD68A}.Release|Any CPU.ActiveCfg = Release|Any CPU
		{82F25925-0CEB-4D2E-A3A5-62EE54DAD68A}.Release|Any CPU.Build.0 = Release|Any CPU
		{82F25925-0CEB-4D2E-A3A5-62EE54DAD68A}.Release|Mixed Platforms.ActiveCfg = Release|Any CPU
		{82F25925-0CEB-4D2E-A3A5-62EE54DAD68A}.Release|Mixed Platforms.Build.0 = Release|Any CPU
		{F7827C11-1ED3-42CF-8B3A-18DC526C34C6}.Debug|.NET.ActiveCfg = Debug|Any CPU
		{F7827C11-1ED3-42CF-8B3A-18DC526C34C6}.Debug|Any CPU.ActiveCfg = Debug|Any CPU
		{F7827C11-1ED3-42CF-8B3A-18DC526C34C6}.Debug|Any CPU.Build.0 = Debug|Any CPU
		{F7827C11-1ED3-42CF-8B3A-18DC526C34C6}.Debug|Mixed Platforms.ActiveCfg = Debug|Any CPU
		{F7827C11-1ED3-42CF-8B3A-18DC526C34C6}.Debug|Mixed Platforms.Build.0 = Debug|Any CPU
		{F7827C11-1ED3-42CF-8B3A-18DC526C34C6}.Release|.NET.ActiveCfg = Debug|Any CPU
		{F7827C11-1ED3-42CF-8B3A-18DC526C34C6}.Release|Any CPU.ActiveCfg = Debug|Any CPU
		{F7827C11-1ED3-42CF-8B3A-18DC526C34C6}.Release|Any CPU.Build.0 = Debug|Any CPU
		{F7827C11-1ED3-42CF-8B3A-18DC526C34C6}.Release|Mixed Platforms.ActiveCfg = Debug|Any CPU
		{F7827C11-1ED3-42CF-8B3A-18DC526C34C6}.Release|Mixed Platforms.Build.0 = Debug|Any CPU
	EndGlobalSection
	GlobalSection(SolutionProperties) = preSolution
		HideSolutionNode = FALSE
	EndGlobalSection
EndGlobal
